// !$*UTF8*$!
{
	archiveVersion = 1;
	classes = {
	};
	objectVersion = 56;
	objects = {

/* Begin PBXBuildFile section */
		0E78F8D71E46BCA75C3577B3 /* Pods_demolqc.framework in Frameworks */ = {isa = PBXBuildFile; fileRef = 3DF206F7E5004B36DFE7A807 /* Pods_demolqc.framework */; };
		2B506E922B2DD24700A39C99 /* BottomTab.swift in Sources */ = {isa = PBXBuildFile; fileRef = 2B506E912B2DD24700A39C99 /* BottomTab.swift */; };
		2B5073DC2B2F1ABC00A39C99 /* HomePage.swift in Sources */ = {isa = PBXBuildFile; fileRef = 2B5073DB2B2F1ABC00A39C99 /* HomePage.swift */; };
		2B6DE95F2B2B20130085079E /* ViewModel.swift in Sources */ = {isa = PBXBuildFile; fileRef = 2B6DE95E2B2B20130085079E /* ViewModel.swift */; };
		2BABE9732B14DB4000A6C21A /* AppDelegate.swift in Sources */ = {isa = PBXBuildFile; fileRef = 2BABE9722B14DB4000A6C21A /* AppDelegate.swift */; };
		2BABE9752B14DB4000A6C21A /* SceneDelegate.swift in Sources */ = {isa = PBXBuildFile; fileRef = 2BABE9742B14DB4000A6C21A /* SceneDelegate.swift */; };
		2BABE9772B14DB4000A6C21A /* ViewController.swift in Sources */ = {isa = PBXBuildFile; fileRef = 2BABE9762B14DB4000A6C21A /* ViewController.swift */; };
		2BABE97A2B14DB4000A6C21A /* Main.storyboard in Resources */ = {isa = PBXBuildFile; fileRef = 2BABE9782B14DB4000A6C21A /* Main.storyboard */; };
		2BABE97C2B14DB4100A6C21A /* Assets.xcassets in Resources */ = {isa = PBXBuildFile; fileRef = 2BABE97B2B14DB4100A6C21A /* Assets.xcassets */; };
		2BABE97F2B14DB4100A6C21A /* LaunchScreen.storyboard in Resources */ = {isa = PBXBuildFile; fileRef = 2BABE97D2B14DB4100A6C21A /* LaunchScreen.storyboard */; };
		2BD9C94E2B25D3DD00FAA188 /* ShowView.swift in Sources */ = {isa = PBXBuildFile; fileRef = 2BD9C94D2B25D3DD00FAA188 /* ShowView.swift */; };
/* End PBXBuildFile section */

/* Begin PBXFileReference section */
		2B506E912B2DD24700A39C99 /* BottomTab.swift */ = {isa = PBXFileReference; lastKnownFileType = sourcecode.swift; path = BottomTab.swift; sourceTree = "<group>"; };
		2B5073DB2B2F1ABC00A39C99 /* HomePage.swift */ = {isa = PBXFileReference; lastKnownFileType = sourcecode.swift; path = HomePage.swift; sourceTree = "<group>"; };
		2B6DE95E2B2B20130085079E /* ViewModel.swift */ = {isa = PBXFileReference; lastKnownFileType = sourcecode.swift; path = ViewModel.swift; sourceTree = "<group>"; };
		2BABE96F2B14DB4000A6C21A /* demolqc.app */ = {isa = PBXFileReference; explicitFileType = wrapper.application; includeInIndex = 0; path = demolqc.app; sourceTree = BUILT_PRODUCTS_DIR; };
		2BABE9722B14DB4000A6C21A /* AppDelegate.swift */ = {isa = PBXFileReference; lastKnownFileType = sourcecode.swift; path = AppDelegate.swift; sourceTree = "<group>"; };
		2BABE9742B14DB4000A6C21A /* SceneDelegate.swift */ = {isa = PBXFileReference; lastKnownFileType = sourcecode.swift; path = SceneDelegate.swift; sourceTree = "<group>"; };
		2BABE9762B14DB4000A6C21A /* ViewController.swift */ = {isa = PBXFileReference; lastKnownFileType = sourcecode.swift; path = ViewController.swift; sourceTree = "<group>"; };
		2BABE9792B14DB4000A6C21A /* Base */ = {isa = PBXFileReference; lastKnownFileType = file.storyboard; name = Base; path = Base.lproj/Main.storyboard; sourceTree = "<group>"; };
		2BABE97B2B14DB4100A6C21A /* Assets.xcassets */ = {isa = PBXFileReference; lastKnownFileType = folder.assetcatalog; path = Assets.xcassets; sourceTree = "<group>"; };
		2BABE97E2B14DB4100A6C21A /* Base */ = {isa = PBXFileReference; lastKnownFileType = file.storyboard; name = Base; path = Base.lproj/LaunchScreen.storyboard; sourceTree = "<group>"; };
		2BABE9802B14DB4100A6C21A /* Info.plist */ = {isa = PBXFileReference; lastKnownFileType = text.plist.xml; path = Info.plist; sourceTree = "<group>"; };
		2BD9C94D2B25D3DD00FAA188 /* ShowView.swift */ = {isa = PBXFileReference; lastKnownFileType = sourcecode.swift; path = ShowView.swift; sourceTree = "<group>"; };
		3DF206F7E5004B36DFE7A807 /* Pods_demolqc.framework */ = {isa = PBXFileReference; explicitFileType = wrapper.framework; includeInIndex = 0; path = Pods_demolqc.framework; sourceTree = BUILT_PRODUCTS_DIR; };
		C428A2CA68057184D74DB57B /* Pods-demolqc.debug.xcconfig */ = {isa = PBXFileReference; includeInIndex = 1; lastKnownFileType = text.xcconfig; name = "Pods-demolqc.debug.xcconfig"; path = "Target Support Files/Pods-demolqc/Pods-demolqc.debug.xcconfig"; sourceTree = "<group>"; };
		CFDE1025BC9C7EBB48D3CB31 /* Pods-demolqc.release.xcconfig */ = {isa = PBXFileReference; includeInIndex = 1; lastKnownFileType = text.xcconfig; name = "Pods-demolqc.release.xcconfig"; path = "Target Support Files/Pods-demolqc/Pods-demolqc.release.xcconfig"; sourceTree = "<group>"; };
/* End PBXFileReference section */

/* Begin PBXFrameworksBuildPhase section */
		2BABE96C2B14DB4000A6C21A /* Frameworks */ = {
			isa = PBXFrameworksBuildPhase;
			buildActionMask = 2147483647;
			files = (
				0E78F8D71E46BCA75C3577B3 /* Pods_demolqc.framework in Frameworks */,
			);
			runOnlyForDeploymentPostprocessing = 0;
		};
/* End PBXFrameworksBuildPhase section */

/* Begin PBXGroup section */
		1C39303811C6D072F34825BC /* Frameworks */ = {
			isa = PBXGroup;
			children = (
				3DF206F7E5004B36DFE7A807 /* Pods_demolqc.framework */,
			);
			name = Frameworks;
			sourceTree = "<group>";
		};
		2B5073DA2B2F1A7900A39C99 /* demoViews */ = {
			isa = PBXGroup;
			children = (
				2B5073DB2B2F1ABC00A39C99 /* HomePage.swift */,
				2BD9C94D2B25D3DD00FAA188 /* ShowView.swift */,
			);
			path = demoViews;
			sourceTree = "<group>";
		};
		2BABE9662B14DB4000A6C21A = {
			isa = PBXGroup;
			children = (
				2BABE9712B14DB4000A6C21A /* demolqc */,
				2BABE9702B14DB4000A6C21A /* Products */,
				C2B59E68A6181D0C4CEC638E /* Pods */,
				1C39303811C6D072F34825BC /* Frameworks */,
			);
			sourceTree = "<group>";
		};
		2BABE9702B14DB4000A6C21A /* Products */ = {
			isa = PBXGroup;
			children = (
				2BABE96F2B14DB4000A6C21A /* demolqc.app */,
			);
			name = Products;
			sourceTree = "<group>";
		};
		2BABE9712B14DB4000A6C21A /* demolqc */ = {
			isa = PBXGroup;
			children = (
				2B5073DA2B2F1A7900A39C99 /* demoViews */,
				2BABE9722B14DB4000A6C21A /* AppDelegate.swift */,
				2BABE9742B14DB4000A6C21A /* SceneDelegate.swift */,
				2BABE9762B14DB4000A6C21A /* ViewController.swift */,
				2BABE9782B14DB4000A6C21A /* Main.storyboard */,
				2BABE97B2B14DB4100A6C21A /* Assets.xcassets */,
				2BABE97D2B14DB4100A6C21A /* LaunchScreen.storyboard */,
				2BABE9802B14DB4100A6C21A /* Info.plist */,
				2B6DE95E2B2B20130085079E /* ViewModel.swift */,
				2B506E912B2DD24700A39C99 /* BottomTab.swift */,
			);
			path = demolqc;
			sourceTree = "<group>";
		};
		C2B59E68A6181D0C4CEC638E /* Pods */ = {
			isa = PBXGroup;
			children = (
				C428A2CA68057184D74DB57B /* Pods-demolqc.debug.xcconfig */,
				CFDE1025BC9C7EBB48D3CB31 /* Pods-demolqc.release.xcconfig */,
			);
			path = Pods;
			sourceTree = "<group>";
		};
/* End PBXGroup section */

/* Begin PBXNativeTarget section */
		2BABE96E2B14DB4000A6C21A /* demolqc */ = {
			isa = PBXNativeTarget;
			buildConfigurationList = 2BABE9832B14DB4100A6C21A /* Build configuration list for PBXNativeTarget "demolqc" */;
			buildPhases = (
				3C645B1125776F277026B2AA /* [CP] Check Pods Manifest.lock */,
				2BABE96B2B14DB4000A6C21A /* Sources */,
				2BABE96C2B14DB4000A6C21A /* Frameworks */,
				2BABE96D2B14DB4000A6C21A /* Resources */,
				8B859B4BCB21E1D4784D2E6E /* [CP] Embed Pods Frameworks */,
			);
			buildRules = (
			);
			dependencies = (
			);
			name = demolqc;
			productName = demolqc;
			productReference = 2BABE96F2B14DB4000A6C21A /* demolqc.app */;
			productType = "com.apple.product-type.application";
		};
/* End PBXNativeTarget section */

/* Begin PBXProject section */
		2BABE9672B14DB4000A6C21A /* Project object */ = {
			isa = PBXProject;
			attributes = {
				BuildIndependentTargetsInParallel = 1;
				LastSwiftUpdateCheck = 1430;
				LastUpgradeCheck = 1430;
				TargetAttributes = {
					2BABE96E2B14DB4000A6C21A = {
						CreatedOnToolsVersion = 14.3.1;
					};
				};
			};
			buildConfigurationList = 2BABE96A2B14DB4000A6C21A /* Build configuration list for PBXProject "demolqc" */;
			compatibilityVersion = "Xcode 14.0";
			developmentRegion = en;
			hasScannedForEncodings = 0;
			knownRegions = (
				en,
				Base,
			);
			mainGroup = 2BABE9662B14DB4000A6C21A;
			productRefGroup = 2BABE9702B14DB4000A6C21A /* Products */;
			projectDirPath = "";
			projectRoot = "";
			targets = (
				2BABE96E2B14DB4000A6C21A /* demolqc */,
			);
		};
/* End PBXProject section */

/* Begin PBXResourcesBuildPhase section */
		2BABE96D2B14DB4000A6C21A /* Resources */ = {
			isa = PBXResourcesBuildPhase;
			buildActionMask = 2147483647;
			files = (
				2BABE97F2B14DB4100A6C21A /* LaunchScreen.storyboard in Resources */,
				2BABE97C2B14DB4100A6C21A /* Assets.xcassets in Resources */,
				2BABE97A2B14DB4000A6C21A /* Main.storyboard in Resources */,
			);
			runOnlyForDeploymentPostprocessing = 0;
		};
/* End PBXResourcesBuildPhase section */

/* Begin PBXShellScriptBuildPhase section */
		3C645B1125776F277026B2AA /* [CP] Check Pods Manifest.lock */ = {
			isa = PBXShellScriptBuildPhase;
			buildActionMask = 2147483647;
			files = (
			);
			inputFileListPaths = (
			);
			inputPaths = (
				"${PODS_PODFILE_DIR_PATH}/Podfile.lock",
				"${PODS_ROOT}/Manifest.lock",
			);
			name = "[CP] Check Pods Manifest.lock";
			outputFileListPaths = (
			);
			outputPaths = (
				"$(DERIVED_FILE_DIR)/Pods-demolqc-checkManifestLockResult.txt",
			);
			runOnlyForDeploymentPostprocessing = 0;
			shellPath = /bin/sh;
			shellScript = "diff \"${PODS_PODFILE_DIR_PATH}/Podfile.lock\" \"${PODS_ROOT}/Manifest.lock\" > /dev/null\nif [ $? != 0 ] ; then\n    # print error to STDERR\n    echo \"error: The sandbox is not in sync with the Podfile.lock. Run 'pod install' or update your CocoaPods installation.\" >&2\n    exit 1\nfi\n# This output is used by Xcode 'outputs' to avoid re-running this script phase.\necho \"SUCCESS\" > \"${SCRIPT_OUTPUT_FILE_0}\"\n";
			showEnvVarsInLog = 0;
		};
		8B859B4BCB21E1D4784D2E6E /* [CP] Embed Pods Frameworks */ = {
			isa = PBXShellScriptBuildPhase;
			buildActionMask = 2147483647;
			files = (
			);
			inputFileListPaths = (
				"${PODS_ROOT}/Target Support Files/Pods-demolqc/Pods-demolqc-frameworks-${CONFIGURATION}-input-files.xcfilelist",
			);
			name = "[CP] Embed Pods Frameworks";
			outputFileListPaths = (
				"${PODS_ROOT}/Target Support Files/Pods-demolqc/Pods-demolqc-frameworks-${CONFIGURATION}-output-files.xcfilelist",
			);
			runOnlyForDeploymentPostprocessing = 0;
			shellPath = /bin/sh;
			shellScript = "\"${PODS_ROOT}/Target Support Files/Pods-demolqc/Pods-demolqc-frameworks.sh\"\n";
			showEnvVarsInLog = 0;
		};
/* End PBXShellScriptBuildPhase section */

/* Begin PBXSourcesBuildPhase section */
		2BABE96B2B14DB4000A6C21A /* Sources */ = {
			isa = PBXSourcesBuildPhase;
			buildActionMask = 2147483647;
			files = (
				2BABE9772B14DB4000A6C21A /* ViewController.swift in Sources */,
				2BABE9732B14DB4000A6C21A /* AppDelegate.swift in Sources */,
				2B506E922B2DD24700A39C99 /* BottomTab.swift in Sources */,
				2BD9C94E2B25D3DD00FAA188 /* ShowView.swift in Sources */,
				2B6DE95F2B2B20130085079E /* ViewModel.swift in Sources */,
				2B5073DC2B2F1ABC00A39C99 /* HomePage.swift in Sources */,
				2BABE9752B14DB4000A6C21A /* SceneDelegate.swift in Sources */,
			);
			runOnlyForDeploymentPostprocessing = 0;
		};
/* End PBXSourcesBuildPhase section */

/* Begin PBXVariantGroup section */
		2BABE9782B14DB4000A6C21A /* Main.storyboard */ = {
			isa = PBXVariantGroup;
			children = (
				2BABE9792B14DB4000A6C21A /* Base */,
			);
			name = Main.storyboard;
			sourceTree = "<group>";
		};
		2BABE97D2B14DB4100A6C21A /* LaunchScreen.storyboard */ = {
			isa = PBXVariantGroup;
			children = (
				2BABE97E2B14DB4100A6C21A /* Base */,
			);
			name = LaunchScreen.storyboard;
			sourceTree = "<group>";
		};
/* End PBXVariantGroup section */

/* Begin XCBuildConfiguration section */
		2BABE9812B14DB4100A6C21A /* Debug */ = {
			isa = XCBuildConfiguration;
			buildSettings = {
				ALWAYS_SEARCH_USER_PATHS = NO;
				CLANG_ANALYZER_NONNULL = YES;
				CLANG_ANALYZER_NUMBER_OBJECT_CONVERSION = YES_AGGRESSIVE;
				CLANG_CXX_LANGUAGE_STANDARD = "gnu++20";
				CLANG_ENABLE_MODULES = YES;
				CLANG_ENABLE_OBJC_ARC = YES;
				CLANG_ENABLE_OBJC_WEAK = YES;
				CLANG_WARN_BLOCK_CAPTURE_AUTORELEASING = YES;
				CLANG_WARN_BOOL_CONVERSION = YES;
				CLANG_WARN_COMMA = YES;
				CLANG_WARN_CONSTANT_CONVERSION = YES;
				CLANG_WARN_DEPRECATED_OBJC_IMPLEMENTATIONS = YES;
				CLANG_WARN_DIRECT_OBJC_ISA_USAGE = YES_ERROR;
				CLANG_WARN_DOCUMENTATION_COMMENTS = YES;
				CLANG_WARN_EMPTY_BODY = YES;
				CLANG_WARN_ENUM_CONVERSION = YES;
				CLANG_WARN_INFINITE_RECURSION = YES;
				CLANG_WARN_INT_CONVERSION = YES;
				CLANG_WARN_NON_LITERAL_NULL_CONVERSION = YES;
				CLANG_WARN_OBJC_IMPLICIT_RETAIN_SELF = YES;
				CLANG_WARN_OBJC_LITERAL_CONVERSION = YES;
				CLANG_WARN_OBJC_ROOT_CLASS = YES_ERROR;
				CLANG_WARN_QUOTED_INCLUDE_IN_FRAMEWORK_HEADER = YES;
				CLANG_WARN_RANGE_LOOP_ANALYSIS = YES;
				CLANG_WARN_STRICT_PROTOTYPES = YES;
				CLANG_WARN_SUSPICIOUS_MOVE = YES;
				CLANG_WARN_UNGUARDED_AVAILABILITY = YES_AGGRESSIVE;
				CLANG_WARN_UNREACHABLE_CODE = YES;
				CLANG_WARN__DUPLICATE_METHOD_MATCH = YES;
				COPY_PHASE_STRIP = NO;
				DEBUG_INFORMATION_FORMAT = dwarf;
				ENABLE_STRICT_OBJC_MSGSEND = YES;
				ENABLE_TESTABILITY = YES;
				GCC_C_LANGUAGE_STANDARD = gnu11;
				GCC_DYNAMIC_NO_PIC = NO;
				GCC_NO_COMMON_BLOCKS = YES;
				GCC_OPTIMIZATION_LEVEL = 0;
				GCC_PREPROCESSOR_DEFINITIONS = (
					"DEBUG=1",
					"$(inherited)",
				);
				GCC_WARN_64_TO_32_BIT_CONVERSION = YES;
				GCC_WARN_ABOUT_RETURN_TYPE = YES_ERROR;
				GCC_WARN_UNDECLARED_SELECTOR = YES;
				GCC_WARN_UNINITIALIZED_AUTOS = YES_AGGRESSIVE;
				GCC_WARN_UNUSED_FUNCTION = YES;
				GCC_WARN_UNUSED_VARIABLE = YES;
				IPHONEOS_DEPLOYMENT_TARGET = 16.4;
				MTL_ENABLE_DEBUG_INFO = INCLUDE_SOURCE;
				MTL_FAST_MATH = YES;
				ONLY_ACTIVE_ARCH = YES;
				SDKROOT = iphoneos;
				SWIFT_ACTIVE_COMPILATION_CONDITIONS = DEBUG;
				SWIFT_OPTIMIZATION_LEVEL = "-Onone";
			};
			name = Debug;
		};
		2BABE9822B14DB4100A6C21A /* Release */ = {
			isa = XCBuildConfiguration;
			buildSettings = {
				ALWAYS_SEARCH_USER_PATHS = NO;
				CLANG_ANALYZER_NONNULL = YES;
				CLANG_ANALYZER_NUMBER_OBJECT_CONVERSION = YES_AGGRESSIVE;
				CLANG_CXX_LANGUAGE_STANDARD = "gnu++20";
				CLANG_ENABLE_MODULES = YES;
				CLANG_ENABLE_OBJC_ARC = YES;
				CLANG_ENABLE_OBJC_WEAK = YES;
				CLANG_WARN_BLOCK_CAPTURE_AUTORELEASING = YES;
				CLANG_WARN_BOOL_CONVERSION = YES;
				CLANG_WARN_COMMA = YES;
				CLANG_WARN_CONSTANT_CONVERSION = YES;
				CLANG_WARN_DEPRECATED_OBJC_IMPLEMENTATIONS = YES;
				CLANG_WARN_DIRECT_OBJC_ISA_USAGE = YES_ERROR;
				CLANG_WARN_DOCUMENTATION_COMMENTS = YES;
				CLANG_WARN_EMPTY_BODY = YES;
				CLANG_WARN_ENUM_CONVERSION = YES;
				CLANG_WARN_INFINITE_RECURSION = YES;
				CLANG_WARN_INT_CONVERSION = YES;
				CLANG_WARN_NON_LITERAL_NULL_CONVERSION = YES;
				CLANG_WARN_OBJC_IMPLICIT_RETAIN_SELF = YES;
				CLANG_WARN_OBJC_LITERAL_CONVERSION = YES;
				CLANG_WARN_OBJC_ROOT_CLASS = YES_ERROR;
				CLANG_WARN_QUOTED_INCLUDE_IN_FRAMEWORK_HEADER = YES;
				CLANG_WARN_RANGE_LOOP_ANALYSIS = YES;
				CLANG_WARN_STRICT_PROTOTYPES = YES;
				CLANG_WARN_SUSPICIOUS_MOVE = YES;
				CLANG_WARN_UNGUARDED_AVAILABILITY = YES_AGGRESSIVE;
				CLANG_WARN_UNREACHABLE_CODE = YES;
				CLANG_WARN__DUPLICATE_METHOD_MATCH = YES;
				COPY_PHASE_STRIP = NO;
				DEBUG_INFORMATION_FORMAT = "dwarf-with-dsym";
				ENABLE_NS_ASSERTIONS = NO;
				ENABLE_STRICT_OBJC_MSGSEND = YES;
				GCC_C_LANGUAGE_STANDARD = gnu11;
				GCC_NO_COMMON_BLOCKS = YES;
				GCC_WARN_64_TO_32_BIT_CONVERSION = YES;
				GCC_WARN_ABOUT_RETURN_TYPE = YES_ERROR;
				GCC_WARN_UNDECLARED_SELECTOR = YES;
				GCC_WARN_UNINITIALIZED_AUTOS = YES_AGGRESSIVE;
				GCC_WARN_UNUSED_FUNCTION = YES;
				GCC_WARN_UNUSED_VARIABLE = YES;
				IPHONEOS_DEPLOYMENT_TARGET = 16.4;
				MTL_ENABLE_DEBUG_INFO = NO;
				MTL_FAST_MATH = YES;
				SDKROOT = iphoneos;
				SWIFT_COMPILATION_MODE = wholemodule;
				SWIFT_OPTIMIZATION_LEVEL = "-O";
				VALIDATE_PRODUCT = YES;
			};
			name = Release;
		};
		2BABE9842B14DB4100A6C21A /* Debug */ = {
			isa = XCBuildConfiguration;
			baseConfigurationReference = C428A2CA68057184D74DB57B /* Pods-demolqc.debug.xcconfig */;
			buildSettings = {
				ASSETCATALOG_COMPILER_APPICON_NAME = AppIcon;
				ASSETCATALOG_COMPILER_GLOBAL_ACCENT_COLOR_NAME = AccentColor;
				CODE_SIGN_STYLE = Automatic;
				CURRENT_PROJECT_VERSION = 1;
				DEVELOPMENT_TEAM = V2F3H9VUNY;
				GENERATE_INFOPLIST_FILE = YES;
				INFOPLIST_FILE = demolqc/Info.plist;
				INFOPLIST_KEY_UIApplicationSupportsIndirectInputEvents = YES;
				INFOPLIST_KEY_UILaunchStoryboardName = LaunchScreen;
				INFOPLIST_KEY_UIMainStoryboardFile = Main;
				INFOPLIST_KEY_UISupportedInterfaceOrientations_iPad = "UIInterfaceOrientationPortrait UIInterfaceOrientationPortraitUpsideDown UIInterfaceOrientationLandscapeLeft UIInterfaceOrientationLandscapeRight";
				INFOPLIST_KEY_UISupportedInterfaceOrientations_iPhone = "UIInterfaceOrientationPortrait UIInterfaceOrientationLandscapeLeft UIInterfaceOrientationLandscapeRight";
				LD_RUNPATH_SEARCH_PATHS = (
					"$(inherited)",
					"@executable_path/Frameworks",
				);
				MARKETING_VERSION = 1.0;
				PRODUCT_BUNDLE_IDENTIFIER = liqiaochen.charles.demolqc;
				PRODUCT_NAME = "$(TARGET_NAME)";
				SWIFT_EMIT_LOC_STRINGS = YES;
				SWIFT_VERSION = 5.0;
				TARGETED_DEVICE_FAMILY = "1,2";
			};
			name = Debug;
		};
		2BABE9852B14DB4100A6C21A /* Release */ = {
			isa = XCBuildConfiguration;
			baseConfigurationReference = CFDE1025BC9C7EBB48D3CB31 /* Pods-demolqc.release.xcconfig */;
			buildSettings = {
				ASSETCATALOG_COMPILER_APPICON_NAME = AppIcon;
				ASSETCATALOG_COMPILER_GLOBAL_ACCENT_COLOR_NAME = AccentColor;
				CODE_SIGN_STYLE = Automatic;
				CURRENT_PROJECT_VERSION = 1;
				DEVELOPMENT_TEAM = V2F3H9VUNY;
				GENERATE_INFOPLIST_FILE = YES;
				INFOPLIST_FILE = demolqc/Info.plist;
				INFOPLIST_KEY_UIApplicationSupportsIndirectInputEvents = YES;
				INFOPLIST_KEY_UILaunchStoryboardName = LaunchScreen;
				INFOPLIST_KEY_UIMainStoryboardFile = Main;
				INFOPLIST_KEY_UISupportedInterfaceOrientations_iPad = "UIInterfaceOrientationPortrait UIInterfaceOrientationPortraitUpsideDown UIInterfaceOrientationLandscapeLeft UIInterfaceOrientationLandscapeRight";
				INFOPLIST_KEY_UISupportedInterfaceOrientations_iPhone = "UIInterfaceOrientationPortrait UIInterfaceOrientationLandscapeLeft UIInterfaceOrientationLandscapeRight";
				LD_RUNPATH_SEARCH_PATHS = (
					"$(inherited)",
					"@executable_path/Frameworks",
				);
				MARKETING_VERSION = 1.0;
				PRODUCT_BUNDLE_IDENTIFIER = liqiaochen.charles.demolqc;
				PRODUCT_NAME = "$(TARGET_NAME)";
				SWIFT_EMIT_LOC_STRINGS = YES;
				SWIFT_VERSION = 5.0;
				TARGETED_DEVICE_FAMILY = "1,2";
			};
			name = Release;
		};
/* End XCBuildConfiguration section */

/* Begin XCConfigurationList section */
		2BABE96A2B14DB4000A6C21A /* Build configuration list for PBXProject "demolqc" */ = {
			isa = XCConfigurationList;
			buildConfigurations = (
				2BABE9812B14DB4100A6C21A /* Debug */,
				2BABE9822B14DB4100A6C21A /* Release */,
			);
			defaultConfigurationIsVisible = 0;
			defaultConfigurationName = Release;
		};
		2BABE9832B14DB4100A6C21A /* Build configuration list for PBXNativeTarget "demolqc" */ = {
			isa = XCConfigurationList;
			buildConfigurations = (
				2BABE9842B14DB4100A6C21A /* Debug */,
				2BABE9852B14DB4100A6C21A /* Release */,
			);
			defaultConfigurationIsVisible = 0;
			defaultConfigurationName = Release;
		};
/* End XCConfigurationList section */
	};
	rootObject = 2BABE9672B14DB4000A6C21A /* Project object */;
}
